// !$*UTF8*$!
{
	archiveVersion = 1;
	classes = {
	};
	objectVersion = 56;
	objects = {

/* Begin PBXBuildFile section */
		CC79155D2B09E661001827D1 /* AudioFeatureExtractor.swift in Sources */ = {isa = PBXBuildFile; fileRef = CC79155C2B09E661001827D1 /* AudioFeatureExtractor.swift */; };
		CC8C58EB2B09E72600BF1469 /* AudioKit in Frameworks */ = {isa = PBXBuildFile; productRef = CC8C58EA2B09E72600BF1469 /* AudioKit */; };
		CC8C58ED2B09F00500BF1469 /* AudioKit in Frameworks */ = {isa = PBXBuildFile; productRef = CC8C58EC2B09F00500BF1469 /* AudioKit */; };
		CC8C58F02B0A5EB700BF1469 /* SoundpipeAudioKit in Frameworks */ = {isa = PBXBuildFile; productRef = CC8C58EF2B0A5EB700BF1469 /* SoundpipeAudioKit */; };
		CC8C58F22B0AAFFA00BF1469 /* MFCCCalculator.swift in Sources */ = {isa = PBXBuildFile; fileRef = CC8C58F12B0AAFFA00BF1469 /* MFCCCalculator.swift */; };
		CC8C58F42B0ABC1100BF1469 /* Buffer.swift in Sources */ = {isa = PBXBuildFile; fileRef = CC8C58F32B0ABC1100BF1469 /* Buffer.swift */; };
		CC8C58F62B0B2A1B00BF1469 /* AnimatedCircleView.swift in Sources */ = {isa = PBXBuildFile; fileRef = CC8C58F52B0B2A1B00BF1469 /* AnimatedCircleView.swift */; };
		CCD23F032B094A0000B97012 /* AppDelegate.swift in Sources */ = {isa = PBXBuildFile; fileRef = CCD23F022B094A0000B97012 /* AppDelegate.swift */; };
		CCD23F052B094A0000B97012 /* SceneDelegate.swift in Sources */ = {isa = PBXBuildFile; fileRef = CCD23F042B094A0000B97012 /* SceneDelegate.swift */; };
		CCD23F072B094A0000B97012 /* ViewController.swift in Sources */ = {isa = PBXBuildFile; fileRef = CCD23F062B094A0000B97012 /* ViewController.swift */; };
		CCD23F0A2B094A0000B97012 /* Main.storyboard in Resources */ = {isa = PBXBuildFile; fileRef = CCD23F082B094A0000B97012 /* Main.storyboard */; };
		CCD23F0C2B094A0400B97012 /* Assets.xcassets in Resources */ = {isa = PBXBuildFile; fileRef = CCD23F0B2B094A0400B97012 /* Assets.xcassets */; };
		CCD23F0F2B094A0400B97012 /* LaunchScreen.storyboard in Resources */ = {isa = PBXBuildFile; fileRef = CCD23F0D2B094A0400B97012 /* LaunchScreen.storyboard */; };
		CCD23F172B09838100B97012 /* ConnectManager.swift in Sources */ = {isa = PBXBuildFile; fileRef = CCD23F162B09838100B97012 /* ConnectManager.swift */; };
/* End PBXBuildFile section */

/* Begin PBXFileReference section */
		CC79155C2B09E661001827D1 /* AudioFeatureExtractor.swift */ = {isa = PBXFileReference; lastKnownFileType = sourcecode.swift; path = AudioFeatureExtractor.swift; sourceTree = "<group>"; };
		CC8C58F12B0AAFFA00BF1469 /* MFCCCalculator.swift */ = {isa = PBXFileReference; lastKnownFileType = sourcecode.swift; path = MFCCCalculator.swift; sourceTree = "<group>"; };
		CC8C58F32B0ABC1100BF1469 /* Buffer.swift */ = {isa = PBXFileReference; lastKnownFileType = sourcecode.swift; path = Buffer.swift; sourceTree = "<group>"; };
		CC8C58F52B0B2A1B00BF1469 /* AnimatedCircleView.swift */ = {isa = PBXFileReference; lastKnownFileType = sourcecode.swift; path = AnimatedCircleView.swift; sourceTree = "<group>"; };
		CCD23EFF2B094A0000B97012 /* Whoisspeaking.app */ = {isa = PBXFileReference; explicitFileType = wrapper.application; includeInIndex = 0; path = Whoisspeaking.app; sourceTree = BUILT_PRODUCTS_DIR; };
		CCD23F022B094A0000B97012 /* AppDelegate.swift */ = {isa = PBXFileReference; lastKnownFileType = sourcecode.swift; path = AppDelegate.swift; sourceTree = "<group>"; };
		CCD23F042B094A0000B97012 /* SceneDelegate.swift */ = {isa = PBXFileReference; lastKnownFileType = sourcecode.swift; path = SceneDelegate.swift; sourceTree = "<group>"; };
		CCD23F062B094A0000B97012 /* ViewController.swift */ = {isa = PBXFileReference; lastKnownFileType = sourcecode.swift; path = ViewController.swift; sourceTree = "<group>"; };
		CCD23F092B094A0000B97012 /* Base */ = {isa = PBXFileReference; lastKnownFileType = file.storyboard; name = Base; path = Base.lproj/Main.storyboard; sourceTree = "<group>"; };
		CCD23F0B2B094A0400B97012 /* Assets.xcassets */ = {isa = PBXFileReference; lastKnownFileType = folder.assetcatalog; path = Assets.xcassets; sourceTree = "<group>"; };
		CCD23F0E2B094A0400B97012 /* Base */ = {isa = PBXFileReference; lastKnownFileType = file.storyboard; name = Base; path = Base.lproj/LaunchScreen.storyboard; sourceTree = "<group>"; };
		CCD23F102B094A0400B97012 /* Info.plist */ = {isa = PBXFileReference; lastKnownFileType = text.plist.xml; path = Info.plist; sourceTree = "<group>"; };
		CCD23F162B09838100B97012 /* ConnectManager.swift */ = {isa = PBXFileReference; lastKnownFileType = sourcecode.swift; path = ConnectManager.swift; sourceTree = "<group>"; };
/* End PBXFileReference section */

/* Begin PBXFrameworksBuildPhase section */
		CCD23EFC2B094A0000B97012 /* Frameworks */ = {
			isa = PBXFrameworksBuildPhase;
			buildActionMask = 2147483647;
			files = (
				CC8C58ED2B09F00500BF1469 /* AudioKit in Frameworks */,
				CC8C58EB2B09E72600BF1469 /* AudioKit in Frameworks */,
				CC8C58F02B0A5EB700BF1469 /* SoundpipeAudioKit in Frameworks */,
			);
			runOnlyForDeploymentPostprocessing = 0;
		};
/* End PBXFrameworksBuildPhase section */

/* Begin PBXGroup section */
		CCD23EF62B094A0000B97012 = {
			isa = PBXGroup;
			children = (
				CCD23F012B094A0000B97012 /* Whoisspeaking */,
				CCD23F002B094A0000B97012 /* Products */,
			);
			sourceTree = "<group>";
		};
		CCD23F002B094A0000B97012 /* Products */ = {
			isa = PBXGroup;
			children = (
				CCD23EFF2B094A0000B97012 /* Whoisspeaking.app */,
			);
			name = Products;
			sourceTree = "<group>";
		};
		CCD23F012B094A0000B97012 /* Whoisspeaking */ = {
			isa = PBXGroup;
			children = (
				CCD23F022B094A0000B97012 /* AppDelegate.swift */,
				CCD23F042B094A0000B97012 /* SceneDelegate.swift */,
				CCD23F062B094A0000B97012 /* ViewController.swift */,
				CC8C58F52B0B2A1B00BF1469 /* AnimatedCircleView.swift */,
				CC8C58F32B0ABC1100BF1469 /* Buffer.swift */,
				CC79155C2B09E661001827D1 /* AudioFeatureExtractor.swift */,
				CCD23F162B09838100B97012 /* ConnectManager.swift */,
				CCD23F082B094A0000B97012 /* Main.storyboard */,
				CCD23F0B2B094A0400B97012 /* Assets.xcassets */,
				CCD23F0D2B094A0400B97012 /* LaunchScreen.storyboard */,
				CCD23F102B094A0400B97012 /* Info.plist */,
				CC8C58F12B0AAFFA00BF1469 /* MFCCCalculator.swift */,
			);
			path = Whoisspeaking;
			sourceTree = "<group>";
		};
/* End PBXGroup section */

/* Begin PBXNativeTarget section */
		CCD23EFE2B094A0000B97012 /* Whoisspeaking */ = {
			isa = PBXNativeTarget;
			buildConfigurationList = CCD23F132B094A0400B97012 /* Build configuration list for PBXNativeTarget "Whoisspeaking" */;
			buildPhases = (
				CCD23EFB2B094A0000B97012 /* Sources */,
				CCD23EFC2B094A0000B97012 /* Frameworks */,
				CCD23EFD2B094A0000B97012 /* Resources */,
			);
			buildRules = (
			);
			dependencies = (
			);
			name = Whoisspeaking;
			packageProductDependencies = (
				CC8C58EA2B09E72600BF1469 /* AudioKit */,
				CC8C58EC2B09F00500BF1469 /* AudioKit */,
				CC8C58EF2B0A5EB700BF1469 /* SoundpipeAudioKit */,
			);
			productName = Whoisspeaking;
			productReference = CCD23EFF2B094A0000B97012 /* Whoisspeaking.app */;
			productType = "com.apple.product-type.application";
		};
/* End PBXNativeTarget section */

/* Begin PBXProject section */
		CCD23EF72B094A0000B97012 /* Project object */ = {
			isa = PBXProject;
			attributes = {
				BuildIndependentTargetsInParallel = 1;
				LastSwiftUpdateCheck = 1500;
				LastUpgradeCheck = 1500;
				TargetAttributes = {
					CCD23EFE2B094A0000B97012 = {
						CreatedOnToolsVersion = 15.0.1;
					};
				};
			};
			buildConfigurationList = CCD23EFA2B094A0000B97012 /* Build configuration list for PBXProject "Whoisspeaking" */;
			compatibilityVersion = "Xcode 14.0";
			developmentRegion = en;
			hasScannedForEncodings = 0;
			knownRegions = (
				en,
				Base,
			);
			mainGroup = CCD23EF62B094A0000B97012;
			packageReferences = (
				CC8C58E92B09E72600BF1469 /* XCRemoteSwiftPackageReference "AudioKit" */,
				CC8C58EE2B0A5EB700BF1469 /* XCRemoteSwiftPackageReference "SoundpipeAudioKit" */,
			);
			productRefGroup = CCD23F002B094A0000B97012 /* Products */;
			projectDirPath = "";
			projectRoot = "";
			targets = (
				CCD23EFE2B094A0000B97012 /* Whoisspeaking */,
			);
		};
/* End PBXProject section */

/* Begin PBXResourcesBuildPhase section */
		CCD23EFD2B094A0000B97012 /* Resources */ = {
			isa = PBXResourcesBuildPhase;
			buildActionMask = 2147483647;
			files = (
				CCD23F0F2B094A0400B97012 /* LaunchScreen.storyboard in Resources */,
				CCD23F0C2B094A0400B97012 /* Assets.xcassets in Resources */,
				CCD23F0A2B094A0000B97012 /* Main.storyboard in Resources */,
			);
			runOnlyForDeploymentPostprocessing = 0;
		};
/* End PBXResourcesBuildPhase section */

/* Begin PBXSourcesBuildPhase section */
		CCD23EFB2B094A0000B97012 /* Sources */ = {
			isa = PBXSourcesBuildPhase;
			buildActionMask = 2147483647;
			files = (
				CCD23F172B09838100B97012 /* ConnectManager.swift in Sources */,
				CC8C58F62B0B2A1B00BF1469 /* AnimatedCircleView.swift in Sources */,
				CC8C58F22B0AAFFA00BF1469 /* MFCCCalculator.swift in Sources */,
				CC8C58F42B0ABC1100BF1469 /* Buffer.swift in Sources */,
				CCD23F072B094A0000B97012 /* ViewController.swift in Sources */,
				CC79155D2B09E661001827D1 /* AudioFeatureExtractor.swift in Sources */,
				CCD23F032B094A0000B97012 /* AppDelegate.swift in Sources */,
				CCD23F052B094A0000B97012 /* SceneDelegate.swift in Sources */,
			);
			runOnlyForDeploymentPostprocessing = 0;
		};
/* End PBXSourcesBuildPhase section */

/* Begin PBXVariantGroup section */
		CCD23F082B094A0000B97012 /* Main.storyboard */ = {
			isa = PBXVariantGroup;
			children = (
				CCD23F092B094A0000B97012 /* Base */,
			);
			name = Main.storyboard;
			sourceTree = "<group>";
		};
		CCD23F0D2B094A0400B97012 /* LaunchScreen.storyboard */ = {
			isa = PBXVariantGroup;
			children = (
				CCD23F0E2B094A0400B97012 /* Base */,
			);
			name = LaunchScreen.storyboard;
			sourceTree = "<group>";
		};
/* End PBXVariantGroup section */

/* Begin XCBuildConfiguration section */
		CCD23F112B094A0400B97012 /* Debug */ = {
			isa = XCBuildConfiguration;
			buildSettings = {
				ALWAYS_SEARCH_USER_PATHS = NO;
				ASSETCATALOG_COMPILER_GENERATE_SWIFT_ASSET_SYMBOL_EXTENSIONS = YES;
				CLANG_ANALYZER_NONNULL = YES;
				CLANG_ANALYZER_NUMBER_OBJECT_CONVERSION = YES_AGGRESSIVE;
				CLANG_CXX_LANGUAGE_STANDARD = "gnu++20";
				CLANG_ENABLE_MODULES = YES;
				CLANG_ENABLE_OBJC_ARC = YES;
				CLANG_ENABLE_OBJC_WEAK = YES;
				CLANG_WARN_BLOCK_CAPTURE_AUTORELEASING = YES;
				CLANG_WARN_BOOL_CONVERSION = YES;
				CLANG_WARN_COMMA = YES;
				CLANG_WARN_CONSTANT_CONVERSION = YES;
				CLANG_WARN_DEPRECATED_OBJC_IMPLEMENTATIONS = YES;
				CLANG_WARN_DIRECT_OBJC_ISA_USAGE = YES_ERROR;
				CLANG_WARN_DOCUMENTATION_COMMENTS = YES;
				CLANG_WARN_EMPTY_BODY = YES;
				CLANG_WARN_ENUM_CONVERSION = YES;
				CLANG_WARN_INFINITE_RECURSION = YES;
				CLANG_WARN_INT_CONVERSION = YES;
				CLANG_WARN_NON_LITERAL_NULL_CONVERSION = YES;
				CLANG_WARN_OBJC_IMPLICIT_RETAIN_SELF = YES;
				CLANG_WARN_OBJC_LITERAL_CONVERSION = YES;
				CLANG_WARN_OBJC_ROOT_CLASS = YES_ERROR;
				CLANG_WARN_QUOTED_INCLUDE_IN_FRAMEWORK_HEADER = YES;
				CLANG_WARN_RANGE_LOOP_ANALYSIS = YES;
				CLANG_WARN_STRICT_PROTOTYPES = YES;
				CLANG_WARN_SUSPICIOUS_MOVE = YES;
				CLANG_WARN_UNGUARDED_AVAILABILITY = YES_AGGRESSIVE;
				CLANG_WARN_UNREACHABLE_CODE = YES;
				CLANG_WARN__DUPLICATE_METHOD_MATCH = YES;
				COPY_PHASE_STRIP = NO;
				DEBUG_INFORMATION_FORMAT = dwarf;
				ENABLE_STRICT_OBJC_MSGSEND = YES;
				ENABLE_TESTABILITY = YES;
				ENABLE_USER_SCRIPT_SANDBOXING = YES;
				GCC_C_LANGUAGE_STANDARD = gnu17;
				GCC_DYNAMIC_NO_PIC = NO;
				GCC_NO_COMMON_BLOCKS = YES;
				GCC_OPTIMIZATION_LEVEL = 0;
				GCC_PREPROCESSOR_DEFINITIONS = (
					"DEBUG=1",
					"$(inherited)",
				);
				GCC_WARN_64_TO_32_BIT_CONVERSION = YES;
				GCC_WARN_ABOUT_RETURN_TYPE = YES_ERROR;
				GCC_WARN_UNDECLARED_SELECTOR = YES;
				GCC_WARN_UNINITIALIZED_AUTOS = YES_AGGRESSIVE;
				GCC_WARN_UNUSED_FUNCTION = YES;
				GCC_WARN_UNUSED_VARIABLE = YES;
				IPHONEOS_DEPLOYMENT_TARGET = 17.0;
				LOCALIZATION_PREFERS_STRING_CATALOGS = YES;
				MTL_ENABLE_DEBUG_INFO = INCLUDE_SOURCE;
				MTL_FAST_MATH = YES;
				ONLY_ACTIVE_ARCH = YES;
				SDKROOT = iphoneos;
				SWIFT_ACTIVE_COMPILATION_CONDITIONS = "DEBUG $(inherited)";
				SWIFT_OPTIMIZATION_LEVEL = "-Onone";
			};
			name = Debug;
		};
		CCD23F122B094A0400B97012 /* Release */ = {
			isa = XCBuildConfiguration;
			buildSettings = {
				ALWAYS_SEARCH_USER_PATHS = NO;
				ASSETCATALOG_COMPILER_GENERATE_SWIFT_ASSET_SYMBOL_EXTENSIONS = YES;
				CLANG_ANALYZER_NONNULL = YES;
				CLANG_ANALYZER_NUMBER_OBJECT_CONVERSION = YES_AGGRESSIVE;
				CLANG_CXX_LANGUAGE_STANDARD = "gnu++20";
				CLANG_ENABLE_MODULES = YES;
				CLANG_ENABLE_OBJC_ARC = YES;
				CLANG_ENABLE_OBJC_WEAK = YES;
				CLANG_WARN_BLOCK_CAPTURE_AUTORELEASING = YES;
				CLANG_WARN_BOOL_CONVERSION = YES;
				CLANG_WARN_COMMA = YES;
				CLANG_WARN_CONSTANT_CONVERSION = YES;
				CLANG_WARN_DEPRECATED_OBJC_IMPLEMENTATIONS = YES;
				CLANG_WARN_DIRECT_OBJC_ISA_USAGE = YES_ERROR;
				CLANG_WARN_DOCUMENTATION_COMMENTS = YES;
				CLANG_WARN_EMPTY_BODY = YES;
				CLANG_WARN_ENUM_CONVERSION = YES;
				CLANG_WARN_INFINITE_RECURSION = YES;
				CLANG_WARN_INT_CONVERSION = YES;
				CLANG_WARN_NON_LITERAL_NULL_CONVERSION = YES;
				CLANG_WARN_OBJC_IMPLICIT_RETAIN_SELF = YES;
				CLANG_WARN_OBJC_LITERAL_CONVERSION = YES;
				CLANG_WARN_OBJC_ROOT_CLASS = YES_ERROR;
				CLANG_WARN_QUOTED_INCLUDE_IN_FRAMEWORK_HEADER = YES;
				CLANG_WARN_RANGE_LOOP_ANALYSIS = YES;
				CLANG_WARN_STRICT_PROTOTYPES = YES;
				CLANG_WARN_SUSPICIOUS_MOVE = YES;
				CLANG_WARN_UNGUARDED_AVAILABILITY = YES_AGGRESSIVE;
				CLANG_WARN_UNREACHABLE_CODE = YES;
				CLANG_WARN__DUPLICATE_METHOD_MATCH = YES;
				COPY_PHASE_STRIP = NO;
				DEBUG_INFORMATION_FORMAT = "dwarf-with-dsym";
				ENABLE_NS_ASSERTIONS = NO;
				ENABLE_STRICT_OBJC_MSGSEND = YES;
				ENABLE_USER_SCRIPT_SANDBOXING = YES;
				GCC_C_LANGUAGE_STANDARD = gnu17;
				GCC_NO_COMMON_BLOCKS = YES;
				GCC_WARN_64_TO_32_BIT_CONVERSION = YES;
				GCC_WARN_ABOUT_RETURN_TYPE = YES_ERROR;
				GCC_WARN_UNDECLARED_SELECTOR = YES;
				GCC_WARN_UNINITIALIZED_AUTOS = YES_AGGRESSIVE;
				GCC_WARN_UNUSED_FUNCTION = YES;
				GCC_WARN_UNUSED_VARIABLE = YES;
				IPHONEOS_DEPLOYMENT_TARGET = 17.0;
				LOCALIZATION_PREFERS_STRING_CATALOGS = YES;
				MTL_ENABLE_DEBUG_INFO = NO;
				MTL_FAST_MATH = YES;
				SDKROOT = iphoneos;
				SWIFT_COMPILATION_MODE = wholemodule;
				VALIDATE_PRODUCT = YES;
			};
			name = Release;
		};
		CCD23F142B094A0400B97012 /* Debug */ = {
			isa = XCBuildConfiguration;
			buildSettings = {
				ASSETCATALOG_COMPILER_APPICON_NAME = AppIcon;
				ASSETCATALOG_COMPILER_GLOBAL_ACCENT_COLOR_NAME = AccentColor;
				CODE_SIGN_STYLE = Automatic;
				CURRENT_PROJECT_VERSION = 1;
				DEVELOPMENT_TEAM = F69WJ27LN4;
				GENERATE_INFOPLIST_FILE = YES;
				INFOPLIST_FILE = Whoisspeaking/Info.plist;
				INFOPLIST_KEY_UIApplicationSupportsIndirectInputEvents = YES;
				INFOPLIST_KEY_UILaunchStoryboardName = LaunchScreen;
				INFOPLIST_KEY_UIMainStoryboardFile = Main;
				INFOPLIST_KEY_UISupportedInterfaceOrientations_iPad = "UIInterfaceOrientationPortrait UIInterfaceOrientationPortraitUpsideDown UIInterfaceOrientationLandscapeLeft UIInterfaceOrientationLandscapeRight";
				INFOPLIST_KEY_UISupportedInterfaceOrientations_iPhone = "UIInterfaceOrientationPortrait UIInterfaceOrientationLandscapeLeft UIInterfaceOrientationLandscapeRight";
				LD_RUNPATH_SEARCH_PATHS = (
					"$(inherited)",
					"@executable_path/Frameworks",
				);
				MARKETING_VERSION = 1.0;
				PRODUCT_BUNDLE_IDENTIFIER = Trio.Whoisspeaking;
				PRODUCT_NAME = "$(TARGET_NAME)";
				SWIFT_EMIT_LOC_STRINGS = YES;
				SWIFT_VERSION = 5.0;
				TARGETED_DEVICE_FAMILY = "1,2";
			};
			name = Debug;
		};
		CCD23F152B094A0400B97012 /* Release */ = {
			isa = XCBuildConfiguration;
			buildSettings = {
				ASSETCATALOG_COMPILER_APPICON_NAME = AppIcon;
				ASSETCATALOG_COMPILER_GLOBAL_ACCENT_COLOR_NAME = AccentColor;
				CODE_SIGN_STYLE = Automatic;
				CURRENT_PROJECT_VERSION = 1;
				DEVELOPMENT_TEAM = F69WJ27LN4;
				GENERATE_INFOPLIST_FILE = YES;
				INFOPLIST_FILE = Whoisspeaking/Info.plist;
				INFOPLIST_KEY_UIApplicationSupportsIndirectInputEvents = YES;
				INFOPLIST_KEY_UILaunchStoryboardName = LaunchScreen;
				INFOPLIST_KEY_UIMainStoryboardFile = Main;
				INFOPLIST_KEY_UISupportedInterfaceOrientations_iPad = "UIInterfaceOrientationPortrait UIInterfaceOrientationPortraitUpsideDown UIInterfaceOrientationLandscapeLeft UIInterfaceOrientationLandscapeRight";
				INFOPLIST_KEY_UISupportedInterfaceOrientations_iPhone = "UIInterfaceOrientationPortrait UIInterfaceOrientationLandscapeLeft UIInterfaceOrientationLandscapeRight";
				LD_RUNPATH_SEARCH_PATHS = (
					"$(inherited)",
					"@executable_path/Frameworks",
				);
				MARKETING_VERSION = 1.0;
				PRODUCT_BUNDLE_IDENTIFIER = Trio.Whoisspeaking;
				PRODUCT_NAME = "$(TARGET_NAME)";
				SWIFT_EMIT_LOC_STRINGS = YES;
				SWIFT_VERSION = 5.0;
				TARGETED_DEVICE_FAMILY = "1,2";
			};
			name = Release;
		};
/* End XCBuildConfiguration section */

/* Begin XCConfigurationList section */
		CCD23EFA2B094A0000B97012 /* Build configuration list for PBXProject "Whoisspeaking" */ = {
			isa = XCConfigurationList;
			buildConfigurations = (
				CCD23F112B094A0400B97012 /* Debug */,
				CCD23F122B094A0400B97012 /* Release */,
			);
			defaultConfigurationIsVisible = 0;
			defaultConfigurationName = Release;
		};
		CCD23F132B094A0400B97012 /* Build configuration list for PBXNativeTarget "Whoisspeaking" */ = {
			isa = XCConfigurationList;
			buildConfigurations = (
				CCD23F142B094A0400B97012 /* Debug */,
				CCD23F152B094A0400B97012 /* Release */,
			);
			defaultConfigurationIsVisible = 0;
			defaultConfigurationName = Release;
		};
/* End XCConfigurationList section */

/* Begin XCRemoteSwiftPackageReference section */
		CC8C58E92B09E72600BF1469 /* XCRemoteSwiftPackageReference "AudioKit" */ = {
			isa = XCRemoteSwiftPackageReference;
			repositoryURL = "https://github.com/AudioKit/AudioKit";
			requirement = {
				kind = upToNextMajorVersion;
				minimumVersion = 5.6.2;
			};
		};
		CC8C58EE2B0A5EB700BF1469 /* XCRemoteSwiftPackageReference "SoundpipeAudioKit" */ = {
			isa = XCRemoteSwiftPackageReference;
			repositoryURL = "https://github.com/AudioKit/SoundpipeAudioKit.git";
			requirement = {
				kind = upToNextMajorVersion;
				minimumVersion = 5.6.1;
			};
		};
/* End XCRemoteSwiftPackageReference section */

/* Begin XCSwiftPackageProductDependency section */
		CC8C58EA2B09E72600BF1469 /* AudioKit */ = {
			isa = XCSwiftPackageProductDependency;
			package = CC8C58E92B09E72600BF1469 /* XCRemoteSwiftPackageReference "AudioKit" */;
			productName = AudioKit;
		};
		CC8C58EC2B09F00500BF1469 /* AudioKit */ = {
			isa = XCSwiftPackageProductDependency;
			productName = AudioKit;
		};
		CC8C58EF2B0A5EB700BF1469 /* SoundpipeAudioKit */ = {
			isa = XCSwiftPackageProductDependency;
			package = CC8C58EE2B0A5EB700BF1469 /* XCRemoteSwiftPackageReference "SoundpipeAudioKit" */;
			productName = SoundpipeAudioKit;
		};
/* End XCSwiftPackageProductDependency section */
	};
	rootObject = CCD23EF72B094A0000B97012 /* Project object */;
}
